
Microsoft Visual Studio Solution File, Format Version 12.00
# Visual Studio 15
Project("{FAE04EC0-301F-11D3-BF4B-00C04F79EFBC}") = "Assembly-CSharp-Editor", "Assembly-CSharp-Editor.csproj", "{437916E0-676E-E74F-068F-4F125E705BA3}"
EndProject
Project("{FAE04EC0-301F-11D3-BF4B-00C04F79EFBC}") = "Assembly-CSharp", "Assembly-CSharp.csproj", "{14F5F2D4-A977-0139-BEA7-5D300B005E2A}"
EndProject
Global
	GlobalSection(SolutionConfigurationPlatforms) = preSolution
		Debug|Any CPU = Debug|Any CPU
		Release|Any CPU = Release|Any CPU
	EndGlobalSection
	GlobalSection(ProjectConfigurationPlatforms) = postSolution
		{437916E0-676E-E74F-068F-4F125E705BA3}.Debug|Any CPU.ActiveCfg = Debug|Any CPU
		{437916E0-676E-E74F-068F-4F125E705BA3}.Debug|Any CPU.Build.0 = Debug|Any CPU
		{437916E0-676E-E74F-068F-4F125E705BA3}.Release|Any CPU.ActiveCfg = Release|Any CPU
		{437916E0-676E-E74F-068F-4F125E705BA3}.Release|Any CPU.Build.0 = Release|Any CPU
		{14F5F2D4-A977-0139-BEA7-5D300B005E2A}.Debug|Any CPU.ActiveCfg = Debug|Any CPU
		{14F5F2D4-A977-0139-BEA7-5D300B005E2A}.Debug|Any CPU.Build.0 = Debug|Any CPU
		{14F5F2D4-A977-0139-BEA7-5D300B005E2A}.Release|Any CPU.ActiveCfg = Release|Any CPU
		{14F5F2D4-A977-0139-BEA7-5D300B005E2A}.Release|Any CPU.Build.0 = Release|Any CPU
	EndGlobalSection
	GlobalSection(SolutionProperties) = preSolution
		HideSolutionNode = FALSE
	EndGlobalSection
EndGlobal
